[[package]]
category = "dev"
description = "A small Python module for determining appropriate platform-specific dirs, e.g. a \"user data dir\"."
name = "appdirs"
optional = false
platform = "*"
python-versions = "*"
version = "1.4.3"

[[package]]
category = "dev"
description = "Disable App Nap on OS X 10.9"
name = "appnope"
optional = false
platform = "UNKNOWN"
python-versions = "*"
version = "0.1.0"

[package.requirements]
platform = "darwin"

[[package]]
category = "dev"
description = "Classes Without Boilerplate"
name = "attrs"
optional = false
platform = "*"
python-versions = "*"
version = "18.2.0"

[[package]]
category = "dev"
description = "Specifications for callback functions passed in to an API"
name = "backcall"
optional = false
platform = "UNKNOWN"
python-versions = "*"
version = "0.1.0"

[[package]]
category = "dev"
description = "The uncompromising code formatter."
name = "black"
optional = false
platform = "*"
python-versions = ">=3.6"
version = "18.9b0"

[package.dependencies]
appdirs = "*"
attrs = ">=17.4.0"
click = ">=6.5"
toml = ">=0.9.4"

[[package]]
category = "main"
description = "Python package for providing Mozilla's CA Bundle."
name = "certifi"
optional = false
platform = "*"
python-versions = "*"
version = "2018.8.24"

[[package]]
category = "main"
description = "Universal encoding detector for Python 2 and 3"
name = "chardet"
optional = false
platform = "*"
python-versions = "*"
version = "3.0.4"

[[package]]
category = "main"
description = "Composable command line interface toolkit"
name = "click"
optional = false
platform = "*"
python-versions = ">=2.7, !=3.0.*, !=3.1.*, !=3.2.*, !=3.3.*"
version = "7.0"

[[package]]
category = "dev"
description = "Cross-platform colored terminal text."
name = "colorama"
optional = false
platform = "*"
python-versions = ">=2.7, !=3.0.*, !=3.1.*, !=3.2.*, !=3.3.*"
version = "0.4.0"

[package.requirements]
platform = "win32"

[[package]]
category = "dev"
description = "This library brings the updated configparser from Python 3.5 to Python 2.6-3.5."
name = "configparser"
optional = false
platform = "any"
python-versions = "*"
version = "3.5.0"

[package.requirements]
python = "<3.2"

[[package]]
category = "main"
description = "Python client library for Core API."
name = "coreapi"
optional = false
platform = "*"
python-versions = "*"
version = "2.3.3"

[package.dependencies]
coreschema = "*"
itypes = "*"
requests = "*"
uritemplate = "*"

[[package]]
category = "main"
description = "Core Schema."
name = "coreschema"
optional = false
platform = "*"
python-versions = "*"
version = "0.0.4"

[package.dependencies]
jinja2 = "*"

[[package]]
category = "dev"
description = "Better living through Python with decorators"
name = "decorator"
optional = false
platform = "All"
python-versions = "*"
version = "4.3.0"

[[package]]
category = "main"
description = "A high-level Python Web framework that encourages rapid development and clean, pragmatic design."
name = "django"
optional = false
platform = "*"
python-versions = ">=3.5"
version = "2.1.2"

[package.dependencies]
pytz = "*"

[[package]]
category = "main"
description = "Web APIs for Django, made easy."
name = "djangorestframework"
optional = false
platform = "*"
python-versions = ">=2.7, !=3.0.*, !=3.1.*, !=3.2.*, !=3.3.*"
version = "3.8.2"

[[package]]
category = "main"
description = "Automated generation of real Swagger/OpenAPI 2.0 schemas from Django Rest Framework code."
name = "drf-yasg"
optional = false
platform = "*"
python-versions = ">=2.7, !=3.0.*, !=3.1.*, !=3.2.*, !=3.3.*"
version = "1.10.2"

[package.dependencies]
Django = ">=1.11.7"
coreapi = ">=2.3.3"
coreschema = ">=0.0.4"
djangorestframework = ">=3.7.7"
flex = ">=6.11.1"
inflection = ">=0.3.1"
"ruamel.yaml" = ">=0.15.34"
six = ">=1.10.0"
swagger-spec-validator = ">=2.1.0"
uritemplate = ">=3.0.0"

[[package]]
category = "dev"
description = "Python 3.4 Enum backported to 3.3, 3.2, 3.1, 2.7, 2.6, 2.5, and 2.4"
name = "enum34"
optional = false
platform = "UNKNOWN"
python-versions = "*"
version = "1.1.6"

[package.requirements]
python = "<3.4"

[[package]]
category = "dev"
description = "the modular source code checker: pep8, pyflakes and co"
name = "flake8"
optional = false
platform = "*"
python-versions = "*"
version = "3.5.0"

[package.dependencies]
mccabe = ">=0.6.0,<0.7.0"
pycodestyle = ">=2.0.0,<2.4.0"
pyflakes = ">=1.5.0,<1.7.0"

[package.dependencies.configparser]
python = "<3.2"
version = "*"

[package.dependencies.enum34]
python = "<3.4"
version = "*"

[[package]]
category = "main"
description = "Swagger Schema validation."
name = "flex"
optional = false
platform = "*"
python-versions = "*"
version = "6.12.0"

[package.dependencies]
PyYAML = ">=3.11"
click = ">=3.3"
jsonpointer = ">=1.7"
requests = ">=2.4.3"
rfc3987 = ">=1.3.4"
six = ">=1.7.3"
strict-rfc3339 = ">=0.7"
validate-email = ">=1.2"

[[package]]
category = "main"
description = "Backport of the functools module from Python 3.2.3 for use on 2.7 and PyPy."
name = "functools32"
optional = false
platform = "UNKNOWN"
python-versions = "*"
version = "3.2.3-2"

[package.requirements]
python = ">=2.7,<2.8"

[[package]]
category = "main"
description = "Internationalized Domain Names in Applications (IDNA)"
name = "idna"
optional = false
platform = "*"
python-versions = "*"
version = "2.7"

[[package]]
category = "main"
description = "A port of Ruby on Rails inflector to Python"
name = "inflection"
optional = false
platform = "UNKNOWN"
python-versions = "*"
version = "0.3.1"

[[package]]
category = "dev"
description = "IPython: Productive Interactive Computing"
name = "ipython"
optional = false
platform = "Linux"
python-versions = ">=3.5"
version = "7.0.1"

[package.dependencies]
backcall = "*"
decorator = "*"
jedi = ">=0.10"
pickleshare = "*"
prompt-toolkit = ">=2.0.0,<2.1.0"
pygments = "*"
setuptools = ">=18.5"
simplegeneric = ">0.8"
traitlets = ">=4.2"

[package.dependencies.appnope]
platform = "darwin"
version = "*"

[package.dependencies.colorama]
platform = "win32"
version = "*"

[package.dependencies.pexpect]
platform = "!=win32"
version = "*"

[package.dependencies.typing]
python = ">=3.4,<3.5"
version = "*"

[package.dependencies.win-unicode-console]
platform = "win32"
python = "<3.6"
version = ">=0.5"

[[package]]
category = "dev"
description = "Vestigial utilities from IPython"
name = "ipython-genutils"
optional = false
platform = "Linux"
python-versions = "*"
version = "0.2.0"

[[package]]
category = "main"
description = "Simple immutable types for python."
name = "itypes"
optional = false
platform = "UNKNOWN"
python-versions = "*"
version = "1.1.0"

[[package]]
category = "dev"
description = "An autocompletion tool for Python that can be used for text editors."
name = "jedi"
optional = false
platform = "any"
python-versions = ">=2.7, !=3.0.*, !=3.1.*, !=3.2.*, !=3.3.*"
version = "0.13.1"

[package.dependencies]
parso = ">=0.3.0"

[[package]]
category = "main"
description = "A small but fast and easy to use stand-alone template engine written in pure python."
name = "jinja2"
optional = false
platform = "*"
python-versions = "*"
version = "2.10"

[package.dependencies]
MarkupSafe = ">=0.23"

[[package]]
category = "main"
description = "Identify specific nodes in a JSON document (RFC 6901)"
name = "jsonpointer"
optional = false
platform = "*"
python-versions = ">=2.7, !=3.0.*, !=3.1.*, !=3.2.*, !=3.3.*"
version = "2.0"

[[package]]
category = "main"
description = "An implementation of JSON Schema validation for Python"
name = "jsonschema"
optional = false
platform = "*"
python-versions = "*"
version = "2.6.0"

[package.dependencies]
[package.dependencies.functools32]
python = ">=2.7,<2.8"
version = "*"

[[package]]
category = "main"
description = "Python implementation of Markdown."
name = "markdown"
optional = false
platform = "*"
python-versions = ">=2.7,!=3.0.*,!=3.1.*,!=3.2.*,!=3.3.*"
version = "3.0.1"

[[package]]
category = "main"
description = "Implements a XML/HTML/XHTML Markup safe string for Python"
name = "markupsafe"
optional = false
platform = "UNKNOWN"
python-versions = "*"
version = "1.0"

[[package]]
category = "dev"
description = "McCabe checker, plugin for flake8"
name = "mccabe"
optional = false
platform = "*"
python-versions = "*"
version = "0.6.1"

[[package]]
category = "dev"
description = "Optional static typing for Python"
name = "mypy"
optional = false
platform = "*"
python-versions = "*"
version = "0.630"

[package.dependencies]
mypy-extensions = ">=0.4.0,<0.5.0"
typed-ast = ">=1.1.0,<1.2.0"

[package.dependencies.typing]
python = "<3.5"
version = ">=3.5.3"

[[package]]
category = "dev"
description = "Experimental type system extensions for programs checked with the mypy typechecker."
name = "mypy-extensions"
optional = false
platform = "*"
python-versions = "*"
version = "0.4.1"

[package.dependencies]
[package.dependencies.typing]
python = "<3.5"
version = ">=3.5.3"

[[package]]
category = "dev"
description = "A Python Parser"
name = "parso"
optional = false
platform = "any"
python-versions = "*"
version = "0.3.1"

[[package]]
category = "dev"
description = "Object-oriented filesystem paths"
name = "pathlib2"
optional = false
platform = "*"
python-versions = "*"
version = "2.3.2"

[package.dependencies]
six = "*"

[package.dependencies.scandir]
python = "<3.5"
version = "*"

[package.requirements]
python = ">=2.6.0,<2.8.0 || >=3.2.0,<3.4.0"

[[package]]
category = "dev"
description = "Pexpect allows easy control of interactive console applications."
name = "pexpect"
optional = false
platform = "UNIX"
python-versions = "*"
version = "4.6.0"

[package.dependencies]
ptyprocess = ">=0.5"

[package.requirements]
platform = "!=win32"

[[package]]
category = "dev"
description = "Tiny 'shelve'-like database with concurrency support"
name = "pickleshare"
optional = false
platform = "*"
python-versions = "*"
version = "0.7.5"

[package.dependencies]
[package.dependencies.pathlib2]
python = ">=2.6.0,<2.8.0 || >=3.2.0,<3.4.0"
version = "*"

[[package]]
category = "dev"
description = "Library for building powerful interactive command lines in Python"
name = "prompt-toolkit"
optional = false
platform = "*"
python-versions = "*"
version = "2.0.5"

[package.dependencies]
six = ">=1.9.0"
wcwidth = "*"

[[package]]
category = "dev"
description = "Run a subprocess in a pseudo terminal"
name = "ptyprocess"
optional = false
platform = "*"
python-versions = "*"
version = "0.6.0"

[package.requirements]
platform = "!=win32"

[[package]]
category = "dev"
description = "Python style guide checker"
name = "pycodestyle"
optional = false
platform = "*"
python-versions = "*"
version = "2.3.1"

[[package]]
category = "dev"
description = "passive checker of Python programs"
name = "pyflakes"
optional = false
platform = "*"
python-versions = "*"
version = "1.6.0"

[[package]]
category = "dev"
description = "Pygments is a syntax highlighting package written in Python."
name = "pygments"
optional = false
platform = "any"
python-versions = "*"
version = "2.2.0"

[[package]]
category = "main"
description = "World timezone definitions, modern and historical"
name = "pytz"
optional = false
platform = "Independent"
python-versions = "*"
version = "2018.5"

[[package]]
category = "main"
description = "YAML parser and emitter for Python"
name = "pyyaml"
optional = false
platform = "Any"
python-versions = "*"
version = "3.13"

[[package]]
category = "main"
description = "Python HTTP for Humans."
name = "requests"
optional = false
platform = "*"
python-versions = ">=2.6, !=3.0.*, !=3.1.*, !=3.2.*, !=3.3.*"
version = "2.19.1"

[package.dependencies]
certifi = ">=2017.4.17"
chardet = ">=3.0.2,<3.1.0"
idna = ">=2.5,<2.8"
urllib3 = ">=1.21.1,<1.24"

[[package]]
category = "main"
description = "Parsing and validation of URIs (RFC 3986) and IRIs (RFC 3987)"
name = "rfc3987"
optional = false
platform = "*"
python-versions = "*"
version = "1.3.8"

[[package]]
category = "main"
description = "a version of dict that keeps keys in insertion resp. sorted order"
name = "ruamel.ordereddict"
optional = false
platform = "*"
python-versions = "*"
version = "0.4.13"

[package.requirements]
python = "<=2.7"

[[package]]
category = "main"
description = "ruamel.yaml is a YAML parser/emitter that supports roundtrip preservation of comments, seq/map flow style, and map key order"
name = "ruamel.yaml"
optional = false
platform = "*"
python-versions = "*"
version = "0.15.71"

[package.dependencies]
[package.dependencies."ruamel.ordereddict"]
python = "<=2.7"
version = "*"

[[package]]
category = "dev"
description = "scandir, a better directory iterator and faster os.walk()"
name = "scandir"
optional = false
platform = "*"
python-versions = "*"
version = "1.9.0"

[package.requirements]
python = ">=2.6.0,<2.8.0 || >=3.2.0,<3.4.0"

[[package]]
category = "dev"
description = "Simple generic functions (similar to Python's own len(), pickle.dump(), etc.)"
name = "simplegeneric"
optional = false
platform = "UNKNOWN"
python-versions = "*"
version = "0.8.1"

[[package]]
category = "main"
description = "Python 2 and 3 compatibility utilities"
name = "six"
optional = false
platform = "*"
python-versions = "*"
version = "1.11.0"

[[package]]
category = "main"
description = "Strict, simple, lightweight RFC3339 functions"
name = "strict-rfc3339"
optional = false
platform = "UNKNOWN"
python-versions = "*"
version = "0.7"

[[package]]
category = "main"
description = "Validation of Swagger specifications"
name = "swagger-spec-validator"
optional = false
platform = "*"
python-versions = "*"
version = "2.4.0"

[package.dependencies]
jsonschema = "*"
pyyaml = "*"
six = "*"

[[package]]
category = "dev"
description = "Python Library for Tom's Obvious, Minimal Language"
name = "toml"
optional = false
platform = "*"
python-versions = "*"
version = "0.9.6"

[[package]]
category = "dev"
description = "Traitlets Python config system"
name = "traitlets"
optional = false
platform = "Linux,Mac OS X,Windows"
python-versions = "*"
version = "4.3.2"

[package.dependencies]
decorator = "*"
ipython-genutils = "*"
six = "*"

[package.dependencies.enum34]
python = ">=2.7,<2.8 || >=3.3,<3.4"
version = "*"

[[package]]
category = "dev"
description = "a fork of Python 2 and 3 ast modules with type comment support"
name = "typed-ast"
optional = false
platform = "POSIX"
python-versions = "*"
version = "1.1.0"

[[package]]
category = "dev"
description = "Type Hints for Python"
name = "typing"
optional = false
platform = "*"
python-versions = "*"
version = "3.6.6"

[package.requirements]
python = "<3.5"

[[package]]
category = "main"
description = "URI templates"
name = "uritemplate"
optional = false
platform = "*"
python-versions = "*"
version = "3.0.0"

[[package]]
category = "main"
description = "HTTP library with thread-safe connection pooling, file post, and more."
name = "urllib3"
optional = false
platform = "*"
python-versions = ">=2.6, !=3.0.*, !=3.1.*, !=3.2.*, !=3.3.*, <4"
version = "1.23"

[[package]]
category = "main"
description = "Validate_email verify if an email address is valid and really exists."
name = "validate-email"
optional = false
platform = "UNKNOWN"
python-versions = "*"
version = "1.3"

[[package]]
category = "dev"
description = "Measures number of Terminal column cells of wide-character codes"
name = "wcwidth"
optional = false
platform = "UNKNOWN"
python-versions = "*"
version = "0.1.7"

[[package]]
category = "dev"
description = "Enable Unicode input and display when running Python from Windows console."
name = "win-unicode-console"
optional = false
platform = "UNKNOWN"
python-versions = "*"
version = "0.5"

[package.requirements]
platform = "win32"
python = "<3.6"

[metadata]
content-hash = "3b564ccd7d4b3945f95fa7b7b265aa50b016aaa2607bb0c55d19c2a112f80314"
platform = "*"
python-versions = "*"

[metadata.hashes]
appdirs = ["9e5896d1372858f8dd3344faf4e5014d21849c756c8d5701f78f8a103b372d92", "d8b24664561d0d34ddfaec54636d502d7cea6e29c3eaf68f3df6180863e2166e"]
appnope = ["5b26757dc6f79a3b7dc9fab95359328d5747fcb2409d331ea66d0272b90ab2a0", "8b995ffe925347a2138d7ac0fe77155e4311a0ea6d6da4f5128fe4b3cbe5ed71"]
attrs = ["10cbf6e27dbce8c30807caf056c8eb50917e0eaafe86347671b57254006c3e69", "ca4be454458f9dec299268d472aaa5a11f67a4ff70093396e1ceae9c76cf4bbb"]
backcall = ["38ecd85be2c1e78f77fd91700c76e14667dc21e2713b63876c0eb901196e01e4", "bbbf4b1e5cd2bdb08f915895b51081c041bac22394fdfcfdfbe9f14b77c08bf2"]
black = ["817243426042db1d36617910df579a54f1afd659adb96fc5032fcf4b36209739", "e030a9a28f542debc08acceb273f228ac422798e5215ba2a791a6ddeaaca22a5"]
certifi = ["376690d6f16d32f9d1fe8932551d80b23e9d393a8578c5633a2ed39a64861638", "456048c7e371c089d0a77a5212fb37a2c2dce1e24146e3b7e0261736aaeaa22a"]
chardet = ["84ab92ed1c4d4f16916e05906b6b75a6c0fb5db821cc65e70cbd64a3e2a5eaae", "fc323ffcaeaed0e0a02bf4d117757b98aed530d9ed4531e3e15460124c106691"]
click = ["2335065e6395b9e67ca716de5f7526736bfa6ceead690adf616d925bdc622b13", "5b94b49521f6456670fdb30cd82a4eca9412788a93fa6dd6df72c94d5a8ff2d7"]
colorama = ["a3d89af5db9e9806a779a50296b5fdb466e281147c2c235e8225ecc6dbf7bbf3", "c9b54bebe91a6a803e0772c8561d53f2926bfeb17cd141fbabcb08424086595c"]
configparser = ["5308b47021bc2340965c371f0f058cc6971a04502638d4244225c49d80db273a"]
coreapi = ["46145fcc1f7017c076a2ef684969b641d18a2991051fddec9458ad3f78ffc1cb", "bf39d118d6d3e171f10df9ede5666f63ad80bba9a29a8ec17726a66cf52ee6f3"]
coreschema = ["5e6ef7bf38c1525d5e55a895934ab4273548629f16aed5c0a6caa74ebf45551f", "9503506007d482ab0867ba14724b93c18a33b22b6d19fb419ef2d239dd4a1607"]
decorator = ["2c51dff8ef3c447388fe5e4453d24a2bf128d3a4c32af3fabef1f01c6851ab82", "c39efa13fbdeb4506c476c9b3babf6a718da943dab7811c206005a4a956c080c"]
django = ["acdcc1f61fdb0a0c82a1d3bf1879a414e7732ea894a7632af7f6d66ec7ab5bb3", "efbcad7ebb47daafbcead109b38a5bd519a3c3cd92c6ed0f691ff97fcdd16b45"]
djangorestframework = ["b6714c3e4b0f8d524f193c91ecf5f5450092c2145439ac2769711f7eba89a9d9", "c375e4f95a3a64fccac412e36fb42ba36881e52313ec021ef410b40f67cddca4"]
drf-yasg = ["79c804839c331fd8d82fc45e337d17b2bc0872d61fde8202356f03ac62c96e38", "c4a55bff46d0c0c05f95d97d3840b9f05b6ca9e1446b01380fe553463d7d69df"]
enum34 = ["2d81cbbe0e73112bdfe6ef8576f2238f2ba27dd0d55752a776c41d38b7da2850", "644837f692e5f550741432dd3f223bbb9852018674981b1664e5dc339387588a", "6bd0f6ad48ec2aa117d3d141940d484deccda84d4fcd884f5c3d93c23ecd8c79", "8ad8c4783bf61ded74527bffb48ed9b54166685e4230386a9ed9b1279e2df5b1"]
flake8 = ["7253265f7abd8b313e3892944044a365e3f4ac3fcdcfb4298f55ee9ddf188ba0", "c7841163e2b576d435799169b78703ad6ac1bbb0f199994fc05f700b2a90ea37"]
flex = ["b12403eba2a0499fbbc9f39ea846a3a580c05620efd386e042055a26ec4c37b0", "c7713c55efca07aef81c93db639590b5df2c5bf1f2e29c089e57d3137330109e"]
functools32 = ["89d824aa6c358c421a234d7f9ee0bd75933a67c29588ce50aaa3acdf4d403fa0", "f6253dfbe0538ad2e387bd8fdfd9293c925d63553f5813c4e587745416501e6d"]
idna = ["156a6814fb5ac1fc6850fb002e0852d56c0c8d2531923a51032d1b70760e186e", "684a38a6f903c1d71d6d5fac066b58d7768af4de2b832e426ec79c30daa94a16"]
inflection = ["18ea7fb7a7d152853386523def08736aa8c32636b047ade55f7578c4edeb16ca"]
ipython = ["47b17ea874454a5c2eacc2732b04a750d260b01ba479323155ac8a39031f5535", "9fed506c3772c875a3048bc134a25e6f5e997b1569b2636f6a5d891f34cbfd46"]
ipython-genutils = ["72dd37233799e619666c9f639a9da83c34013a73e8bbc79a7a6348d93c61fab8", "eb2e116e75ecef9d4d228fdc66af54269afa26ab4463042e33785b887c628ba8"]
itypes = ["c6e77bb9fd68a4bfeb9d958fea421802282451a25bac4913ec94db82a899c073"]
jedi = ["0191c447165f798e6a730285f2eee783fff81b0d3df261945ecb80983b5c3ca7", "b7493f73a2febe0dc33d51c99b474547f7f6c0b2c8fb2b21f453eef204c12148"]
jinja2 = ["74c935a1b8bb9a3947c50a54766a969d4846290e1e788ea44c1392163723c3bd", "f84be1bb0040caca4cea721fcbbbbd61f9be9464ca236387158b0feea01914a4"]
jsonpointer = ["c192ba86648e05fdae4f08a17ec25180a9aef5008d973407b581798a83975362", "ff379fa021d1b81ab539f5ec467c7745beb1a5671463f9dcc2b2d458bd361c1e"]
jsonschema = ["000e68abd33c972a5248544925a0cae7d1125f9bf6c58280d37546b946769a08", "6ff5f3180870836cae40f06fa10419f557208175f13ad7bc26caa77beb1f6e02"]
markdown = ["c00429bd503a47ec88d5e30a751e147dcb4c6889663cd3e2ba0afe858e009baa", "d02e0f9b04c500cde6637c11ad7c72671f359b87b9fe924b2383649d8841db7c"]
markupsafe = ["a6be69091dac236ea9c6bc7d012beab42010fa914c459791d627dad4910eb665"]
mccabe = ["ab8a6258860da4b6677da4bd2fe5dc2c659cff31b3ee4f7f5d64e79735b80d42", "dd8d182285a0fe56bace7f45b5e7d1a6ebcbf524e8f3bd87eb0f125271b8831f"]
mypy = ["00b95bfdc0d5b9aa53c906e56fb91937743f2121d66684db5f947ec5d75f565d", "6704586b4c2bf7dfa5e87a422be9ca57db622bab65008245759f3d4baeb219dd"]
mypy-extensions = ["37e0e956f41369209a3d5f34580150bcacfabaa57b33a15c0b25f4b5725e0812", "b16cabe759f55e3409a7d231ebd2841378fb0c27a5d1994719e340e4f429ac3e"]
parso = ["35704a43a3c113cce4de228ddb39aab374b8004f4f2407d070b6a2ca784ce8a2", "895c63e93b94ac1e1690f5fdd40b65f07c8171e3e53cbd7793b5b96c0e0a7f24"]
pathlib2 = ["8eb170f8d0d61825e09a95b38be068299ddeda82f35e96c3301a8a5e7604cb83", "d1aa2a11ba7b8f7b21ab852b1fb5afb277e1bb99d5dfc663380b5015c0d80c5a"]
pexpect = ["2a8e88259839571d1251d278476f3eec5db26deb73a70be5ed5dc5435e418aba", "3fbd41d4caf27fa4a377bfd16fef87271099463e6fa73e92a52f92dfee5d425b"]
pickleshare = ["87683d47965c1da65cdacaf31c8441d12b8044cdec9aca500cd78fc2c683afca", "9649af414d74d4df115d5d718f82acb59c9d418196b7b4290ed47a12ce62df56"]
prompt-toolkit = ["5eff0c9fd652384ecfe730bbcdf3658868725c6928fbf608d9338834d7a974b6", "81da9ecf6ca6806a549697529af8ec3ac5b739c13ac14607218e650db1b53131", "c67c1c264d8a0d9e1070e9272bacee00f76c81daab7bc4bf09ff991bd1e224a7"]
ptyprocess = ["923f299cc5ad920c68f2bc0bc98b75b9f838b93b599941a6b63ddbc2476394c0", "d7cc528d76e76342423ca640335bd3633420dc1366f258cb31d05e865ef5ca1f"]
pycodestyle = ["682256a5b318149ca0d2a9185d365d8864a768a28db66a84a2ea946bcc426766", "6c4245ade1edfad79c3446fadfc96b0de2759662dc29d07d80a6f27ad1ca6ba9"]
pyflakes = ["08bd6a50edf8cffa9fa09a463063c425ecaaf10d1eb0335a7e8b1401aef89e6f", "8d616a382f243dbf19b54743f280b80198be0bca3a5396f1d2e1fca6223e8805"]
pygments = ["78f3f434bcc5d6ee09020f92ba487f95ba50f1e3ef83ae96b9d5ffa1bab25c5d", "dbae1046def0efb574852fab9e90209b23f556367b5a320c0bcb871c77c3e8cc"]
pytz = ["a061aa0a9e06881eb8b3b2b43f05b9439d6583c206d0a6c340ff72a7b6669053", "ffb9ef1de172603304d9d2819af6f5ece76f2e85ec10692a524dd876e72bf277"]
pyyaml = ["3d7da3009c0f3e783b2c873687652d83b1bbfd5c88e9813fb7e5b03c0dd3108b", "3ef3092145e9b70e3ddd2c7ad59bdd0252a94dfe3949721633e41344de00a6bf", "40c71b8e076d0550b2e6380bada1f1cd1017b882f7e16f09a65be98e017f211a", "558dd60b890ba8fd982e05941927a3911dc409a63dcb8b634feaa0cda69330d3", "a7c28b45d9f99102fa092bb213aa12e0aaf9a6a1f5e395d36166639c1f96c3a1", "aa7dd4a6a427aed7df6fb7f08a580d68d9b118d90310374716ae90b710280af1", "bc558586e6045763782014934bfaf39d48b8ae85a2713117d16c39864085c613", "d46d7982b62e0729ad0175a9bc7e10a566fc07b224d2c79fafb5e032727eaa04", "d5eef459e30b09f5a098b9cea68bebfeb268697f78d647bd255a085371ac7f3f", "e01d3203230e1786cd91ccfdc8f8454c8069c91bee3962ad93b87a4b2860f537", "e170a9e6fcfd19021dd29845af83bb79236068bf5fd4df3327c1be18182b2531"]
requests = ["63b52e3c866428a224f97cab011de738c36aec0185aa91cfacd418b5d58911d1", "ec22d826a36ed72a7358ff3fe56cbd4ba69dd7a6718ffd450ff0e9df7a47ce6a"]
rfc3987 = ["10702b1e51e5658843460b189b185c0366d2cf4cff716f13111b0ea9fd2dce53", "d3c4d257a560d544e9826b38bc81db676890c79ab9d7ac92b39c7a253d5ca733"]
"ruamel.ordereddict" = ["08b4b19fe518d32251a5338e039c4dc9eb0876f2919f94c9b8d2f9446ea80806", "150ce8e6c514a2a2b62753622a75874962561f8e5eeec81a3172ab952807bf0b", "45541836cbfdde630033cae7bbbe35acbac87a0ceec79f944b7a3bedd940fe78", "854dd4a524811b16111b1107d8a751e4ca064d2bb103d3d91deab75de36b6620", "aee2fa23e884249b4284b728888c553d551e5bfd4de2731f10153fd7813ec55f", "bf0a198c8ce5d973c24e5dba12d3abc254996788ca6ad8448eabc6aa710db149"]
"ruamel.yaml" = ["0dc040e569fae5c1ba3f2dfb36194b13806fff7ae4bd0d8aa27acebeca5b6248", "26fcf3e09e23d6a75f424a6c90ae736d0e865009f5d46f49f44c2a6b9deb1368", "342d1c23e593cf4fcc1a62a6e0f0e42915cbab29c2c805198bb20186a6fbfd42", "3988638a58a370c61657b8b4cb0d5e2460aeeeb1086b4cd33b8ee8cdbb8f76fa", "61427694d0698cbb26f1fd291cf77a9e7c25173793794cb56da0afc92adf7e85", "626193e2d71243e19c05d50e8f6f9248d3469e55c180640f9055a4356a3349b4", "7884fb4bb004d069e54ec759ae95d58eb5ab8d826e2f1912f82652379b8e29a8", "82dcdc0258f09ef9a11403c7cd8a58f8f6630f6e5b63146626baeb134e1f197c", "9b1b3e78dee30a2fcad01be63990702ddfeeba77b80215441c2940e762c46e35", "a172db832921d4e9f19df416029454a917b784c3a9f03d4d94d49caf5c9525ec", "a1e35eff0e89f379dd737750853d5780a0deff9a5702659c48d3ff81366cfde3", "a85fba19af68b5ee547c8619c3c82a31f4de12255a194b0bf51948028339258d", "a8ea051a1f6fe0184d86020fe8e873823f2555d28b9114e6b580fc5282fedf1a", "ae4c40b406e64ef9e168bfe44a2476671795f750ac2feba82fb21756fb76bc9b", "b0a3f5c589e6a61d9d36678cfc0b329b93e9425d215a442a44f35f401d1e15b2", "be4697f74edd665169282953b8f2a8cc08426c15a72095eb7fef094390f28128", "dc3c1bc500af8d088cff3282531aab1f09f058daa349918ef02d2667ca0ba468", "e548fc78c2044b057393c70220bd2fc2393f680fe5c87bb5cce8e7c51e256d91", "e736199b5d9ff3702b796d61fe012ba0b284534b4a8dd50a14966b42fcdf0b68", "f04f2e305450c39ab5f075959d8cc8c5f1a800a7088ab05e80306ac4092b7e3b", "f25b53a3d0454330ca9794980a71cfeabb2eae096057ebdd7e0275947067dd75", "fd9cb99b56a89e658a377ec706a8bbcca82358fbeb03c42d4608ec27f7c82b8c"]
scandir = ["04b8adb105f2ed313a7c2ef0f1cf7aff4871aa7a1883fa4d8c44b5551ab052d6", "1444134990356c81d12f30e4b311379acfbbcd03e0bab591de2696a3b126d58e", "1b5c314e39f596875e5a95dd81af03730b338c277c54a454226978d5ba95dbb6", "346619f72eb0ddc4cf355ceffd225fa52506c92a2ff05318cfabd02a144e7c4e", "44975e209c4827fc18a3486f257154d34ec6eaec0f90fef0cca1caa482db7064", "61859fd7e40b8c71e609c202db5b0c1dbec0d5c7f1449dec2245575bdc866792", "a5e232a0bf188362fa00123cc0bb842d363a292de7126126df5527b6a369586a", "c14701409f311e7a9b7ec8e337f0815baf7ac95776cc78b419a1e6d49889a383", "c7708f29d843fc2764310732e41f0ce27feadde453261859ec0fca7865dfc41b", "c9009c527929f6e25604aec39b0a43c3f831d2947d89d6caaab22f057b7055c8", "f5c71e29b4e2af7ccdc03a020c626ede51da471173b4a6ad1e904f2b2e04b4bd"]
simplegeneric = ["dc972e06094b9af5b855b3df4a646395e43d1c9d0d39ed345b7393560d0b9173"]
six = ["70e8a77beed4562e7f14fe23a786b54f6296e34344c23bc42f07b15018ff98e9", "832dc0e10feb1aa2c68dcc57dbb658f1c7e65b9b61af69048abc87a2db00a0eb"]
strict-rfc3339 = ["5cad17bedfc3af57b399db0fed32771f18fc54bbd917e85546088607ac5e1277"]
swagger-spec-validator = ["7212467c6be39a86ed5b0009ad04d1a1a8c4b0bb7eea8ba396763347bdc3e20a", "aec4cbc4d16a55c4ba7fcf1f42d2600b5813114060e0dea0553c9527b0038a2c"]
toml = ["380178cde50a6a79f9d2cf6f42a62a5174febe5eea4126fe4038785f1d888d42", "a7901919d3e4f92ffba7ff40a9d697e35bbbc8a8049fe8da742f34c83606d957"]
traitlets = ["9c4bd2d267b7153df9152698efb1050a5d84982d3384a37b2c1f7723ba3e7835", "c6cb5e6f57c5a9bdaa40fa71ce7b4af30298fbab9ece9815b5d995ab6217c7d9"]
typed-ast = ["0948004fa228ae071054f5208840a1e88747a357ec1101c17217bfe99b299d58", "10703d3cec8dcd9eef5a630a04056bbc898abc19bac5691612acba7d1325b66d", "1f6c4bd0bdc0f14246fd41262df7dfc018d65bb05f6e16390b7ea26ca454a291", "25d8feefe27eb0303b73545416b13d108c6067b846b543738a25ff304824ed9a", "29464a177d56e4e055b5f7b629935af7f49c196be47528cc94e0a7bf83fbc2b9", "2e214b72168ea0275efd6c884b114ab42e316de3ffa125b267e732ed2abda892", "3e0d5e48e3a23e9a4d1a9f698e32a542a4a288c871d33ed8df1b092a40f3a0f9", "519425deca5c2b2bdac49f77b2c5625781abbaf9a809d727d3a5596b30bb4ded", "57fe287f0cdd9ceaf69e7b71a2e94a24b5d268b35df251a88fef5cc241bf73aa", "668d0cec391d9aed1c6a388b0d5b97cd22e6073eaa5fbaa6d2946603b4871efe", "68ba70684990f59497680ff90d18e756a47bf4863c604098f10de9716b2c0bdd", "6de012d2b166fe7a4cdf505eee3aaa12192f7ba365beeefaca4ec10e31241a85", "79b91ebe5a28d349b6d0d323023350133e927b4de5b651a8aa2db69c761420c6", "8550177fa5d4c1f09b5e5f524411c44633c80ec69b24e0e98906dd761941ca46", "898f818399cafcdb93cbbe15fc83a33d05f18e29fb498ddc09b0214cdfc7cd51", "94b091dc0f19291adcb279a108f5d38de2430411068b219f41b343c03b28fb1f", "a26863198902cda15ab4503991e8cf1ca874219e0118cbf07c126bce7c4db129", "a8034021801bc0440f2e027c354b4eafd95891b573e12ff0418dec385c76785c", "bc978ac17468fe868ee589c795d06777f75496b1ed576d308002c8a5756fb9ea", "c05b41bc1deade9f90ddc5d988fe506208019ebba9f2578c622516fd201f5863", "c9b060bd1e5a26ab6e8267fd46fc9e02b54eb15fffb16d112d4c7b1c12987559", "edb04bdd45bfd76c8292c4d9654568efaedf76fe78eb246dde69bdb13b2dad87", "f19f2a4f547505fe9072e15f6f4ae714af51b5a681a97f187971f50c283193b6"]
typing = ["4027c5f6127a6267a435201981ba156de91ad0d1d98e9ddc2aa173453453492d", "57dcf675a99b74d64dacf6fba08fb17cf7e3d5fdff53d4a30ea2a5e7e52543d4", "a4c8473ce11a65999c8f59cb093e70686b6c84c98df58c1dae9b3b196089858a"]
uritemplate = ["01c69f4fe8ed503b2951bef85d996a9d22434d2431584b5b107b2981ff416fbd", "1b9c467a940ce9fb9f50df819e8ddd14696f89b9a8cc87ac77952ba416e0a8fd", "c02643cebe23fc8adb5e6becffe201185bf06c40bda5c0b4028a93f1527d011d"]
urllib3 = ["a68ac5e15e76e7e5dd2b8f94007233e01effe3e50e8daddf69acfd81cb686baf", "b5725a0bd4ba422ab0e66e89e030c806576753ea3ee08554382c14e685d117b5"]
validate-email = ["784719dc5f780be319cdd185dc85dd93afebdb6ebb943811bc4c7c5f9c72aeaf"]
wcwidth = ["3df37372226d6e63e1b1e1eda15c594bca98a22d33a23832a90998faa96bc65e", "f4ebe71925af7b40a864553f761ed559b43544f8f71746c2d756c7fe788ade7c"]
win-unicode-console = ["d4142d4d56d46f449d6f00536a73625a871cba040f0bc1a2e305a04578f07d1e"]
